// !$*UTF8*$!
{
	archiveVersion = 1;
	classes = {
	};
	objectVersion = 56;
	objects = {

/* Begin PBXBuildFile section */
		112006E529993F92003F3B09 /* Resources.swift in Sources */ = {isa = PBXBuildFile; fileRef = 112006E429993F92003F3B09 /* Resources.swift */; };
		112006E829994712003F3B09 /* GreetingsViewController.swift in Sources */ = {isa = PBXBuildFile; fileRef = 112006E729994711003F3B09 /* GreetingsViewController.swift */; };
		112006EF2999489F003F3B09 /* BaseController.swift in Sources */ = {isa = PBXBuildFile; fileRef = 112006EE2999489F003F3B09 /* BaseController.swift */; };
		112006F129995036003F3B09 /* GreetingsView.swift in Sources */ = {isa = PBXBuildFile; fileRef = 112006F029995036003F3B09 /* GreetingsView.swift */; };
		112006F6299A4215003F3B09 /* SelectNicknameController.swift in Sources */ = {isa = PBXBuildFile; fileRef = 112006F5299A4215003F3B09 /* SelectNicknameController.swift */; };
		112006F8299A4314003F3B09 /* SelectNicknameView.swift in Sources */ = {isa = PBXBuildFile; fileRef = 112006F7299A4314003F3B09 /* SelectNicknameView.swift */; };
		11814D902999087D00EF45B0 /* AppDelegate.swift in Sources */ = {isa = PBXBuildFile; fileRef = 11814D8F2999087D00EF45B0 /* AppDelegate.swift */; };
		11814D922999087D00EF45B0 /* SceneDelegate.swift in Sources */ = {isa = PBXBuildFile; fileRef = 11814D912999087D00EF45B0 /* SceneDelegate.swift */; };
		11814D942999087D00EF45B0 /* ViewController.swift in Sources */ = {isa = PBXBuildFile; fileRef = 11814D932999087D00EF45B0 /* ViewController.swift */; };
		11814D992999087E00EF45B0 /* Assets.xcassets in Resources */ = {isa = PBXBuildFile; fileRef = 11814D982999087E00EF45B0 /* Assets.xcassets */; };
		11814D9C2999087E00EF45B0 /* LaunchScreen.storyboard in Resources */ = {isa = PBXBuildFile; fileRef = 11814D9A2999087E00EF45B0 /* LaunchScreen.storyboard */; };
		1196F81E299ADA5B00776010 /* TableQuestionsViewController.swift in Sources */ = {isa = PBXBuildFile; fileRef = 1196F81D299ADA5B00776010 /* TableQuestionsViewController.swift */; };
		1196F821299ADADB00776010 /* TableQuestionsView.swift in Sources */ = {isa = PBXBuildFile; fileRef = 1196F820299ADADB00776010 /* TableQuestionsView.swift */; };
		1196F823299ADB4700776010 /* TableQuestionsCellView.swift in Sources */ = {isa = PBXBuildFile; fileRef = 1196F822299ADB4700776010 /* TableQuestionsCellView.swift */; };
/* End PBXBuildFile section */

/* Begin PBXFileReference section */
		112006E429993F92003F3B09 /* Resources.swift */ = {isa = PBXFileReference; lastKnownFileType = sourcecode.swift; path = Resources.swift; sourceTree = "<group>"; };
		112006E729994711003F3B09 /* GreetingsViewController.swift */ = {isa = PBXFileReference; lastKnownFileType = sourcecode.swift; path = GreetingsViewController.swift; sourceTree = "<group>"; };
		112006EE2999489F003F3B09 /* BaseController.swift */ = {isa = PBXFileReference; lastKnownFileType = sourcecode.swift; path = BaseController.swift; sourceTree = "<group>"; };
		112006F029995036003F3B09 /* GreetingsView.swift */ = {isa = PBXFileReference; fileEncoding = 4; lastKnownFileType = sourcecode.swift; path = GreetingsView.swift; sourceTree = "<group>"; };
		112006F5299A4215003F3B09 /* SelectNicknameController.swift */ = {isa = PBXFileReference; lastKnownFileType = sourcecode.swift; path = SelectNicknameController.swift; sourceTree = "<group>"; };
		112006F7299A4314003F3B09 /* SelectNicknameView.swift */ = {isa = PBXFileReference; lastKnownFileType = sourcecode.swift; path = SelectNicknameView.swift; sourceTree = "<group>"; };
		11814D8C2999087D00EF45B0 /* MillionaireApp.app */ = {isa = PBXFileReference; explicitFileType = wrapper.application; includeInIndex = 0; path = MillionaireApp.app; sourceTree = BUILT_PRODUCTS_DIR; };
		11814D8F2999087D00EF45B0 /* AppDelegate.swift */ = {isa = PBXFileReference; lastKnownFileType = sourcecode.swift; path = AppDelegate.swift; sourceTree = "<group>"; };
		11814D912999087D00EF45B0 /* SceneDelegate.swift */ = {isa = PBXFileReference; lastKnownFileType = sourcecode.swift; path = SceneDelegate.swift; sourceTree = "<group>"; };
		11814D932999087D00EF45B0 /* ViewController.swift */ = {isa = PBXFileReference; lastKnownFileType = sourcecode.swift; path = ViewController.swift; sourceTree = "<group>"; };
		11814D982999087E00EF45B0 /* Assets.xcassets */ = {isa = PBXFileReference; lastKnownFileType = folder.assetcatalog; path = Assets.xcassets; sourceTree = "<group>"; };
		11814D9B2999087E00EF45B0 /* Base */ = {isa = PBXFileReference; lastKnownFileType = file.storyboard; name = Base; path = Base.lproj/LaunchScreen.storyboard; sourceTree = "<group>"; };
		11814D9D2999087E00EF45B0 /* Info.plist */ = {isa = PBXFileReference; lastKnownFileType = text.plist.xml; path = Info.plist; sourceTree = "<group>"; };
		1196F81D299ADA5B00776010 /* TableQuestionsViewController.swift */ = {isa = PBXFileReference; lastKnownFileType = sourcecode.swift; path = TableQuestionsViewController.swift; sourceTree = "<group>"; };
		1196F820299ADADB00776010 /* TableQuestionsView.swift */ = {isa = PBXFileReference; lastKnownFileType = sourcecode.swift; path = TableQuestionsView.swift; sourceTree = "<group>"; };
		1196F822299ADB4700776010 /* TableQuestionsCellView.swift */ = {isa = PBXFileReference; lastKnownFileType = sourcecode.swift; path = TableQuestionsCellView.swift; sourceTree = "<group>"; };
/* End PBXFileReference section */

/* Begin PBXFrameworksBuildPhase section */
		11814D892999087D00EF45B0 /* Frameworks */ = {
			isa = PBXFrameworksBuildPhase;
			buildActionMask = 2147483647;
			files = (
			);
			runOnlyForDeploymentPostprocessing = 0;
		};
/* End PBXFrameworksBuildPhase section */

/* Begin PBXGroup section */
		112006E329993F71003F3B09 /* Helpers */ = {
			isa = PBXGroup;
			children = (
				112006E429993F92003F3B09 /* Resources.swift */,
			);
			path = Helpers;
			sourceTree = "<group>";
		};
		112006E6299946C3003F3B09 /* Controllers */ = {
			isa = PBXGroup;
			children = (
				112006E729994711003F3B09 /* GreetingsViewController.swift */,
				112006EE2999489F003F3B09 /* BaseController.swift */,
				112006F5299A4215003F3B09 /* SelectNicknameController.swift */,
				1196F81D299ADA5B00776010 /* TableQuestionsViewController.swift */,
			);
			path = Controllers;
			sourceTree = "<group>";
		};
		112006E929994795003F3B09 /* Views */ = {
			isa = PBXGroup;
			children = (
				1196F81F299ADAC700776010 /* TableQuestionsView */,
				112006EA2999479D003F3B09 /* GreetingsView */,
				112006F9299A431E003F3B09 /* SelectNicknameView */,
			);
			path = Views;
			sourceTree = "<group>";
		};
		112006EA2999479D003F3B09 /* GreetingsView */ = {
			isa = PBXGroup;
			children = (
				112006F029995036003F3B09 /* GreetingsView.swift */,
			);
			path = GreetingsView;
			sourceTree = "<group>";
		};
		112006F9299A431E003F3B09 /* SelectNicknameView */ = {
			isa = PBXGroup;
			children = (
				112006F7299A4314003F3B09 /* SelectNicknameView.swift */,
			);
			path = SelectNicknameView;
			sourceTree = "<group>";
		};
		11814D832999087D00EF45B0 = {
			isa = PBXGroup;
			children = (
				11814D8E2999087D00EF45B0 /* MillionaireApp */,
				11814D8D2999087D00EF45B0 /* Products */,
			);
			sourceTree = "<group>";
		};
		11814D8D2999087D00EF45B0 /* Products */ = {
			isa = PBXGroup;
			children = (
				11814D8C2999087D00EF45B0 /* MillionaireApp.app */,
			);
			name = Products;
			sourceTree = "<group>";
		};
		11814D8E2999087D00EF45B0 /* MillionaireApp */ = {
			isa = PBXGroup;
			children = (
				112006E929994795003F3B09 /* Views */,
				112006E6299946C3003F3B09 /* Controllers */,
				112006E329993F71003F3B09 /* Helpers */,
				11814DA32999094100EF45B0 /* Application */,
				11814D932999087D00EF45B0 /* ViewController.swift */,
				11814DA42999097D00EF45B0 /* SupportingFiles */,
			);
			path = MillionaireApp;
			sourceTree = "<group>";
		};
		11814DA32999094100EF45B0 /* Application */ = {
			isa = PBXGroup;
			children = (
				11814D8F2999087D00EF45B0 /* AppDelegate.swift */,
				11814D912999087D00EF45B0 /* SceneDelegate.swift */,
			);
			path = Application;
			sourceTree = "<group>";
		};
		11814DA42999097D00EF45B0 /* SupportingFiles */ = {
			isa = PBXGroup;
			children = (
				11814D982999087E00EF45B0 /* Assets.xcassets */,
				11814D9A2999087E00EF45B0 /* LaunchScreen.storyboard */,
				11814D9D2999087E00EF45B0 /* Info.plist */,
			);
			path = SupportingFiles;
			sourceTree = "<group>";
		};
		1196F81F299ADAC700776010 /* TableQuestionsView */ = {
			isa = PBXGroup;
			children = (
				1196F820299ADADB00776010 /* TableQuestionsView.swift */,
				1196F822299ADB4700776010 /* TableQuestionsCellView.swift */,
			);
			path = TableQuestionsView;
			sourceTree = "<group>";
		};
/* End PBXGroup section */

/* Begin PBXNativeTarget section */
		11814D8B2999087D00EF45B0 /* MillionaireApp */ = {
			isa = PBXNativeTarget;
			buildConfigurationList = 11814DA02999087E00EF45B0 /* Build configuration list for PBXNativeTarget "MillionaireApp" */;
			buildPhases = (
				11814D882999087D00EF45B0 /* Sources */,
				11814D892999087D00EF45B0 /* Frameworks */,
				11814D8A2999087D00EF45B0 /* Resources */,
			);
			buildRules = (
			);
			dependencies = (
			);
			name = MillionaireApp;
			productName = MillionaireApp;
			productReference = 11814D8C2999087D00EF45B0 /* MillionaireApp.app */;
			productType = "com.apple.product-type.application";
		};
/* End PBXNativeTarget section */

/* Begin PBXProject section */
		11814D842999087D00EF45B0 /* Project object */ = {
			isa = PBXProject;
			attributes = {
				BuildIndependentTargetsInParallel = 1;
				LastSwiftUpdateCheck = 1410;
				LastUpgradeCheck = 1410;
				TargetAttributes = {
					11814D8B2999087D00EF45B0 = {
						CreatedOnToolsVersion = 14.1;
					};
				};
			};
			buildConfigurationList = 11814D872999087D00EF45B0 /* Build configuration list for PBXProject "MillionaireApp" */;
			compatibilityVersion = "Xcode 14.0";
			developmentRegion = en;
			hasScannedForEncodings = 0;
			knownRegions = (
				en,
				Base,
			);
			mainGroup = 11814D832999087D00EF45B0;
			productRefGroup = 11814D8D2999087D00EF45B0 /* Products */;
			projectDirPath = "";
			projectRoot = "";
			targets = (
				11814D8B2999087D00EF45B0 /* MillionaireApp */,
			);
		};
/* End PBXProject section */

/* Begin PBXResourcesBuildPhase section */
		11814D8A2999087D00EF45B0 /* Resources */ = {
			isa = PBXResourcesBuildPhase;
			buildActionMask = 2147483647;
			files = (
				11814D9C2999087E00EF45B0 /* LaunchScreen.storyboard in Resources */,
				11814D992999087E00EF45B0 /* Assets.xcassets in Resources */,
			);
			runOnlyForDeploymentPostprocessing = 0;
		};
/* End PBXResourcesBuildPhase section */

/* Begin PBXSourcesBuildPhase section */
		11814D882999087D00EF45B0 /* Sources */ = {
			isa = PBXSourcesBuildPhase;
			buildActionMask = 2147483647;
			files = (
				11814D942999087D00EF45B0 /* ViewController.swift in Sources */,
				1196F823299ADB4700776010 /* TableQuestionsCellView.swift in Sources */,
				1196F821299ADADB00776010 /* TableQuestionsView.swift in Sources */,
				112006E829994712003F3B09 /* GreetingsViewController.swift in Sources */,
				112006EF2999489F003F3B09 /* BaseController.swift in Sources */,
				112006F8299A4314003F3B09 /* SelectNicknameView.swift in Sources */,
				112006F6299A4215003F3B09 /* SelectNicknameController.swift in Sources */,
				112006E529993F92003F3B09 /* Resources.swift in Sources */,
				11814D902999087D00EF45B0 /* AppDelegate.swift in Sources */,
				1196F81E299ADA5B00776010 /* TableQuestionsViewController.swift in Sources */,
				11814D922999087D00EF45B0 /* SceneDelegate.swift in Sources */,
				112006F129995036003F3B09 /* GreetingsView.swift in Sources */,
			);
			runOnlyForDeploymentPostprocessing = 0;
		};
/* End PBXSourcesBuildPhase section */

/* Begin PBXVariantGroup section */
		11814D9A2999087E00EF45B0 /* LaunchScreen.storyboard */ = {
			isa = PBXVariantGroup;
			children = (
				11814D9B2999087E00EF45B0 /* Base */,
			);
			name = LaunchScreen.storyboard;
			sourceTree = "<group>";
		};
/* End PBXVariantGroup section */

/* Begin XCBuildConfiguration section */
		11814D9E2999087E00EF45B0 /* Debug */ = {
			isa = XCBuildConfiguration;
			buildSettings = {
				ALWAYS_SEARCH_USER_PATHS = NO;
				CLANG_ANALYZER_NONNULL = YES;
				CLANG_ANALYZER_NUMBER_OBJECT_CONVERSION = YES_AGGRESSIVE;
				CLANG_CXX_LANGUAGE_STANDARD = "gnu++20";
				CLANG_ENABLE_MODULES = YES;
				CLANG_ENABLE_OBJC_ARC = YES;
				CLANG_ENABLE_OBJC_WEAK = YES;
				CLANG_WARN_BLOCK_CAPTURE_AUTORELEASING = YES;
				CLANG_WARN_BOOL_CONVERSION = YES;
				CLANG_WARN_COMMA = YES;
				CLANG_WARN_CONSTANT_CONVERSION = YES;
				CLANG_WARN_DEPRECATED_OBJC_IMPLEMENTATIONS = YES;
				CLANG_WARN_DIRECT_OBJC_ISA_USAGE = YES_ERROR;
				CLANG_WARN_DOCUMENTATION_COMMENTS = YES;
				CLANG_WARN_EMPTY_BODY = YES;
				CLANG_WARN_ENUM_CONVERSION = YES;
				CLANG_WARN_INFINITE_RECURSION = YES;
				CLANG_WARN_INT_CONVERSION = YES;
				CLANG_WARN_NON_LITERAL_NULL_CONVERSION = YES;
				CLANG_WARN_OBJC_IMPLICIT_RETAIN_SELF = YES;
				CLANG_WARN_OBJC_LITERAL_CONVERSION = YES;
				CLANG_WARN_OBJC_ROOT_CLASS = YES_ERROR;
				CLANG_WARN_QUOTED_INCLUDE_IN_FRAMEWORK_HEADER = YES;
				CLANG_WARN_RANGE_LOOP_ANALYSIS = YES;
				CLANG_WARN_STRICT_PROTOTYPES = YES;
				CLANG_WARN_SUSPICIOUS_MOVE = YES;
				CLANG_WARN_UNGUARDED_AVAILABILITY = YES_AGGRESSIVE;
				CLANG_WARN_UNREACHABLE_CODE = YES;
				CLANG_WARN__DUPLICATE_METHOD_MATCH = YES;
				COPY_PHASE_STRIP = NO;
				DEBUG_INFORMATION_FORMAT = dwarf;
				ENABLE_STRICT_OBJC_MSGSEND = YES;
				ENABLE_TESTABILITY = YES;
				GCC_C_LANGUAGE_STANDARD = gnu11;
				GCC_DYNAMIC_NO_PIC = NO;
				GCC_NO_COMMON_BLOCKS = YES;
				GCC_OPTIMIZATION_LEVEL = 0;
				GCC_PREPROCESSOR_DEFINITIONS = (
					"DEBUG=1",
					"$(inherited)",
				);
				GCC_WARN_64_TO_32_BIT_CONVERSION = YES;
				GCC_WARN_ABOUT_RETURN_TYPE = YES_ERROR;
				GCC_WARN_UNDECLARED_SELECTOR = YES;
				GCC_WARN_UNINITIALIZED_AUTOS = YES_AGGRESSIVE;
				GCC_WARN_UNUSED_FUNCTION = YES;
				GCC_WARN_UNUSED_VARIABLE = YES;
				IPHONEOS_DEPLOYMENT_TARGET = 16.1;
				MTL_ENABLE_DEBUG_INFO = INCLUDE_SOURCE;
				MTL_FAST_MATH = YES;
				ONLY_ACTIVE_ARCH = YES;
				SDKROOT = iphoneos;
				SWIFT_ACTIVE_COMPILATION_CONDITIONS = DEBUG;
				SWIFT_OPTIMIZATION_LEVEL = "-Onone";
			};
			name = Debug;
		};
		11814D9F2999087E00EF45B0 /* Release */ = {
			isa = XCBuildConfiguration;
			buildSettings = {
				ALWAYS_SEARCH_USER_PATHS = NO;
				CLANG_ANALYZER_NONNULL = YES;
				CLANG_ANALYZER_NUMBER_OBJECT_CONVERSION = YES_AGGRESSIVE;
				CLANG_CXX_LANGUAGE_STANDARD = "gnu++20";
				CLANG_ENABLE_MODULES = YES;
				CLANG_ENABLE_OBJC_ARC = YES;
				CLANG_ENABLE_OBJC_WEAK = YES;
				CLANG_WARN_BLOCK_CAPTURE_AUTORELEASING = YES;
				CLANG_WARN_BOOL_CONVERSION = YES;
				CLANG_WARN_COMMA = YES;
				CLANG_WARN_CONSTANT_CONVERSION = YES;
				CLANG_WARN_DEPRECATED_OBJC_IMPLEMENTATIONS = YES;
				CLANG_WARN_DIRECT_OBJC_ISA_USAGE = YES_ERROR;
				CLANG_WARN_DOCUMENTATION_COMMENTS = YES;
				CLANG_WARN_EMPTY_BODY = YES;
				CLANG_WARN_ENUM_CONVERSION = YES;
				CLANG_WARN_INFINITE_RECURSION = YES;
				CLANG_WARN_INT_CONVERSION = YES;
				CLANG_WARN_NON_LITERAL_NULL_CONVERSION = YES;
				CLANG_WARN_OBJC_IMPLICIT_RETAIN_SELF = YES;
				CLANG_WARN_OBJC_LITERAL_CONVERSION = YES;
				CLANG_WARN_OBJC_ROOT_CLASS = YES_ERROR;
				CLANG_WARN_QUOTED_INCLUDE_IN_FRAMEWORK_HEADER = YES;
				CLANG_WARN_RANGE_LOOP_ANALYSIS = YES;
				CLANG_WARN_STRICT_PROTOTYPES = YES;
				CLANG_WARN_SUSPICIOUS_MOVE = YES;
				CLANG_WARN_UNGUARDED_AVAILABILITY = YES_AGGRESSIVE;
				CLANG_WARN_UNREACHABLE_CODE = YES;
				CLANG_WARN__DUPLICATE_METHOD_MATCH = YES;
				COPY_PHASE_STRIP = NO;
				DEBUG_INFORMATION_FORMAT = "dwarf-with-dsym";
				ENABLE_NS_ASSERTIONS = NO;
				ENABLE_STRICT_OBJC_MSGSEND = YES;
				GCC_C_LANGUAGE_STANDARD = gnu11;
				GCC_NO_COMMON_BLOCKS = YES;
				GCC_WARN_64_TO_32_BIT_CONVERSION = YES;
				GCC_WARN_ABOUT_RETURN_TYPE = YES_ERROR;
				GCC_WARN_UNDECLARED_SELECTOR = YES;
				GCC_WARN_UNINITIALIZED_AUTOS = YES_AGGRESSIVE;
				GCC_WARN_UNUSED_FUNCTION = YES;
				GCC_WARN_UNUSED_VARIABLE = YES;
				IPHONEOS_DEPLOYMENT_TARGET = 16.1;
				MTL_ENABLE_DEBUG_INFO = NO;
				MTL_FAST_MATH = YES;
				SDKROOT = iphoneos;
				SWIFT_COMPILATION_MODE = wholemodule;
				SWIFT_OPTIMIZATION_LEVEL = "-O";
				VALIDATE_PRODUCT = YES;
			};
			name = Release;
		};
		11814DA12999087E00EF45B0 /* Debug */ = {
			isa = XCBuildConfiguration;
			buildSettings = {
				ASSETCATALOG_COMPILER_APPICON_NAME = AppIcon;
				ASSETCATALOG_COMPILER_GLOBAL_ACCENT_COLOR_NAME = AccentColor;
				CODE_SIGN_STYLE = Automatic;
				CURRENT_PROJECT_VERSION = 1;
				DEVELOPMENT_TEAM = Q3NL6VLK5D;
				GENERATE_INFOPLIST_FILE = YES;
				INFOPLIST_FILE = MillionaireApp/SupportingFiles/Info.plist;
				INFOPLIST_KEY_UIApplicationSupportsIndirectInputEvents = YES;
				INFOPLIST_KEY_UILaunchStoryboardName = LaunchScreen;
				INFOPLIST_KEY_UIMainStoryboardFile = "";
				INFOPLIST_KEY_UISupportedInterfaceOrientations = UIInterfaceOrientationPortrait;
				INFOPLIST_KEY_UISupportedInterfaceOrientations_iPad = "UIInterfaceOrientationLandscapeLeft UIInterfaceOrientationLandscapeRight UIInterfaceOrientationPortrait UIInterfaceOrientationPortraitUpsideDown";
				IPHONEOS_DEPLOYMENT_TARGET = 14.0;
				LD_RUNPATH_SEARCH_PATHS = (
					"$(inherited)",
					"@executable_path/Frameworks",
				);
				MARKETING_VERSION = 1.0;
				PRODUCT_BUNDLE_IDENTIFIER = FLT.MillionaireApp;
				PRODUCT_NAME = "$(TARGET_NAME)";
				SUPPORTED_PLATFORMS = "iphoneos iphonesimulator";
				SUPPORTS_MACCATALYST = NO;
				SUPPORTS_MAC_DESIGNED_FOR_IPHONE_IPAD = NO;
				SWIFT_EMIT_LOC_STRINGS = YES;
				SWIFT_VERSION = 5.0;
				TARGETED_DEVICE_FAMILY = 1;
			};
			name = Debug;
		};
		11814DA22999087E00EF45B0 /* Release */ = {
			isa = XCBuildConfiguration;
			buildSettings = {
				ASSETCATALOG_COMPILER_APPICON_NAME = AppIcon;
				ASSETCATALOG_COMPILER_GLOBAL_ACCENT_COLOR_NAME = AccentColor;
				CODE_SIGN_STYLE = Automatic;
				CURRENT_PROJECT_VERSION = 1;
				DEVELOPMENT_TEAM = Q3NL6VLK5D;
				GENERATE_INFOPLIST_FILE = YES;
				INFOPLIST_FILE = MillionaireApp/SupportingFiles/Info.plist;
				INFOPLIST_KEY_UIApplicationSupportsIndirectInputEvents = YES;
				INFOPLIST_KEY_UILaunchStoryboardName = LaunchScreen;
				INFOPLIST_KEY_UIMainStoryboardFile = "";
				INFOPLIST_KEY_UISupportedInterfaceOrientations = UIInterfaceOrientationPortrait;
				INFOPLIST_KEY_UISupportedInterfaceOrientations_iPad = "UIInterfaceOrientationLandscapeLeft UIInterfaceOrientationLandscapeRight UIInterfaceOrientationPortrait UIInterfaceOrientationPortraitUpsideDown";
				IPHONEOS_DEPLOYMENT_TARGET = 14.0;
				LD_RUNPATH_SEARCH_PATHS = (
					"$(inherited)",
					"@executable_path/Frameworks",
				);
				MARKETING_VERSION = 1.0;
				PRODUCT_BUNDLE_IDENTIFIER = FLT.MillionaireApp;
				PRODUCT_NAME = "$(TARGET_NAME)";
				SUPPORTED_PLATFORMS = "iphoneos iphonesimulator";
				SUPPORTS_MACCATALYST = NO;
				SUPPORTS_MAC_DESIGNED_FOR_IPHONE_IPAD = NO;
				SWIFT_EMIT_LOC_STRINGS = YES;
				SWIFT_VERSION = 5.0;
				TARGETED_DEVICE_FAMILY = 1;
			};
			name = Release;
		};
/* End XCBuildConfiguration section */

/* Begin XCConfigurationList section */
		11814D872999087D00EF45B0 /* Build configuration list for PBXProject "MillionaireApp" */ = {
			isa = XCConfigurationList;
			buildConfigurations = (
				11814D9E2999087E00EF45B0 /* Debug */,
				11814D9F2999087E00EF45B0 /* Release */,
			);
			defaultConfigurationIsVisible = 0;
			defaultConfigurationName = Release;
		};
		11814DA02999087E00EF45B0 /* Build configuration list for PBXNativeTarget "MillionaireApp" */ = {
			isa = XCConfigurationList;
			buildConfigurations = (
				11814DA12999087E00EF45B0 /* Debug */,
				11814DA22999087E00EF45B0 /* Release */,
			);
			defaultConfigurationIsVisible = 0;
			defaultConfigurationName = Release;
		};
/* End XCConfigurationList section */
	};
	rootObject = 11814D842999087D00EF45B0 /* Project object */;
}
